
Microsoft Visual Studio Solution File, Format Version 12.00
# Visual Studio Version 17
VisualStudioVersion = 17.2.32630.192
MinimumVisualStudioVersion = 10.0.40219.1
Project("{FAE04EC0-301F-11D3-BF4B-00C04F79EFBC}") = "TicketConsumer", "Ticketconsumer\TicketConsumer.csproj", "{7ED6E497-5370-4490-B54B-D6037FA3B4A3}"
EndProject
Project("{FAE04EC0-301F-11D3-BF4B-00C04F79EFBC}") = "Ticketproducer", "producer\Ticketproducer.csproj", "{FDB549D9-091E-43CD-B488-86068998EEB3}"
EndProject
Project("{FAE04EC0-301F-11D3-BF4B-00C04F79EFBC}") = "shared.Models", "shared.Models\shared.Models.csproj", "{157A3811-CE5D-49AE-A752-8E8A5487D3A2}"
EndProject
Global
	GlobalSection(SolutionConfigurationPlatforms) = preSolution
		Debug|Any CPU = Debug|Any CPU
		Release|Any CPU = Release|Any CPU
	EndGlobalSection
	GlobalSection(ProjectConfigurationPlatforms) = postSolution
		{7ED6E497-5370-4490-B54B-D6037FA3B4A3}.Debug|Any CPU.ActiveCfg = Debug|Any CPU
		{7ED6E497-5370-4490-B54B-D6037FA3B4A3}.Debug|Any CPU.Build.0 = Debug|Any CPU
		{7ED6E497-5370-4490-B54B-D6037FA3B4A3}.Release|Any CPU.ActiveCfg = Release|Any CPU
		{7ED6E497-5370-4490-B54B-D6037FA3B4A3}.Release|Any CPU.Build.0 = Release|Any CPU
		{FDB549D9-091E-43CD-B488-86068998EEB3}.Debug|Any CPU.ActiveCfg = Debug|Any CPU
		{FDB549D9-091E-43CD-B488-86068998EEB3}.Debug|Any CPU.Build.0 = Debug|Any CPU
		{FDB549D9-091E-43CD-B488-86068998EEB3}.Release|Any CPU.ActiveCfg = Release|Any CPU
		{FDB549D9-091E-43CD-B488-86068998EEB3}.Release|Any CPU.Build.0 = Release|Any CPU
		{157A3811-CE5D-49AE-A752-8E8A5487D3A2}.Debug|Any CPU.ActiveCfg = Debug|Any CPU
		{157A3811-CE5D-49AE-A752-8E8A5487D3A2}.Debug|Any CPU.Build.0 = Debug|Any CPU
		{157A3811-CE5D-49AE-A752-8E8A5487D3A2}.Release|Any CPU.ActiveCfg = Release|Any CPU
		{157A3811-CE5D-49AE-A752-8E8A5487D3A2}.Release|Any CPU.Build.0 = Release|Any CPU
	EndGlobalSection
	GlobalSection(SolutionProperties) = preSolution
		HideSolutionNode = FALSE
	EndGlobalSection
	GlobalSection(ExtensibilityGlobals) = postSolution
		SolutionGuid = {F6EB30A1-929B-459D-B398-933A36E1D037}
	EndGlobalSection
EndGlobal
